
Microsoft Visual Studio Solution File, Format Version 12.00
# Visual Studio Version 17
VisualStudioVersion = 17.2.32616.157
MinimumVisualStudioVersion = 10.0.40219.1
Project("{FAE04EC0-301F-11D3-BF4B-00C04F79EFBC}") = "SpecFlowLoginProject", "SpecFlowLoginProject\SpecFlowLoginProject.csproj", "{D812F127-2E22-4BF9-A1EC-8393847729BB}"
EndProject
Project("{FAE04EC0-301F-11D3-BF4B-00C04F79EFBC}") = "SpecFlowLoginProject.Specs", "SpecFlowLoginProject.Specs\SpecFlowLoginProject.Specs.csproj", "{80231F7C-7515-4BA5-8256-7D0E5492CB5A}"
EndProject
Global
	GlobalSection(SolutionConfigurationPlatforms) = preSolution
		Debug|Any CPU = Debug|Any CPU
		Release|Any CPU = Release|Any CPU
	EndGlobalSection
	GlobalSection(ProjectConfigurationPlatforms) = postSolution
		{D812F127-2E22-4BF9-A1EC-8393847729BB}.Debug|Any CPU.ActiveCfg = Debug|Any CPU
		{D812F127-2E22-4BF9-A1EC-8393847729BB}.Debug|Any CPU.Build.0 = Debug|Any CPU
		{D812F127-2E22-4BF9-A1EC-8393847729BB}.Release|Any CPU.ActiveCfg = Release|Any CPU
		{D812F127-2E22-4BF9-A1EC-8393847729BB}.Release|Any CPU.Build.0 = Release|Any CPU
		{80231F7C-7515-4BA5-8256-7D0E5492CB5A}.Debug|Any CPU.ActiveCfg = Debug|Any CPU
		{80231F7C-7515-4BA5-8256-7D0E5492CB5A}.Debug|Any CPU.Build.0 = Debug|Any CPU
		{80231F7C-7515-4BA5-8256-7D0E5492CB5A}.Release|Any CPU.ActiveCfg = Release|Any CPU
		{80231F7C-7515-4BA5-8256-7D0E5492CB5A}.Release|Any CPU.Build.0 = Release|Any CPU
	EndGlobalSection
	GlobalSection(SolutionProperties) = preSolution
		HideSolutionNode = FALSE
	EndGlobalSection
	GlobalSection(ExtensibilityGlobals) = postSolution
		SolutionGuid = {6078098A-12A9-4322-BC02-AEA4DB3CF115}
	EndGlobalSection
EndGlobal
