
Microsoft Visual Studio Solution File, Format Version 12.00
# Visual Studio Version 17
VisualStudioVersion = 17.2.32616.157
MinimumVisualStudioVersion = 10.0.40219.1
Project("{FAE04EC0-301F-11D3-BF4B-00C04F79EFBC}") = "SpecFlowCalculatorDemo", "SpecFlowCalculatorDemo\SpecFlowCalculatorDemo.csproj", "{7816E763-EB25-41BB-9A42-89EF820E6610}"
EndProject
Project("{FAE04EC0-301F-11D3-BF4B-00C04F79EFBC}") = "SpecFlowCalculator.Specs", "SpecFlowCalculator.Specs\SpecFlowCalculator.Specs.csproj", "{C31120A4-A109-4E71-B6EC-7213F337F6DC}"
EndProject
Global
	GlobalSection(SolutionConfigurationPlatforms) = preSolution
		Debug|Any CPU = Debug|Any CPU
		Release|Any CPU = Release|Any CPU
	EndGlobalSection
	GlobalSection(ProjectConfigurationPlatforms) = postSolution
		{7816E763-EB25-41BB-9A42-89EF820E6610}.Debug|Any CPU.ActiveCfg = Debug|Any CPU
		{7816E763-EB25-41BB-9A42-89EF820E6610}.Debug|Any CPU.Build.0 = Debug|Any CPU
		{7816E763-EB25-41BB-9A42-89EF820E6610}.Release|Any CPU.ActiveCfg = Release|Any CPU
		{7816E763-EB25-41BB-9A42-89EF820E6610}.Release|Any CPU.Build.0 = Release|Any CPU
		{C31120A4-A109-4E71-B6EC-7213F337F6DC}.Debug|Any CPU.ActiveCfg = Debug|Any CPU
		{C31120A4-A109-4E71-B6EC-7213F337F6DC}.Debug|Any CPU.Build.0 = Debug|Any CPU
		{C31120A4-A109-4E71-B6EC-7213F337F6DC}.Release|Any CPU.ActiveCfg = Release|Any CPU
		{C31120A4-A109-4E71-B6EC-7213F337F6DC}.Release|Any CPU.Build.0 = Release|Any CPU
	EndGlobalSection
	GlobalSection(SolutionProperties) = preSolution
		HideSolutionNode = FALSE
	EndGlobalSection
	GlobalSection(ExtensibilityGlobals) = postSolution
		SolutionGuid = {65840149-32BA-4A81-92C6-27BF00DC61B8}
	EndGlobalSection
EndGlobal
